<?xml version="1.0" encoding="UTF-8"?>
<Solution>
	<Configurations>
		<BuildType Name="Debug"/>
		<BuildType Name="Release"/>
		<BuildType Name="MinSizeRel"/>
		<BuildType Name="RelWithDebInfo"/>
		<Platform Name="x64"/>
	</Configurations>
	<Project Path="ALL_BUILD.vcxproj" Type="8bc9ceb8-8b4a-11d0-8d11-00a0c91bc942" Id="f4104d54-9ce1-3730-b94f-eefbb62e58da" DefaultStartup="true">
		<BuildDependency Project="ZERO_CHECK.vcxproj"/>
		<BuildDependency Project="client.vcxproj"/>
		<BuildDependency Project="klib.vcxproj"/>
		<BuildDependency Project="ksocket.vcxproj"/>
		<BuildDependency Project="linklist.vcxproj"/>
		<BuildDependency Project="server.vcxproj"/>
	</Project>
	<Project Path="INSTALL.vcxproj" Type="8bc9ceb8-8b4a-11d0-8d11-00a0c91bc942" Id="6aee5fe8-273f-3287-a322-7e22e6d0bbe7">
		<BuildDependency Project="ALL_BUILD.vcxproj"/>
		<BuildDependency Project="ZERO_CHECK.vcxproj"/>
		<Build Solution="Debug|*" Project="false"/>
		<Build Solution="Release|*" Project="false"/>
		<Build Solution="MinSizeRel|*" Project="false"/>
		<Build Solution="RelWithDebInfo|*" Project="false"/>
	</Project>
	<Project Path="ZERO_CHECK.vcxproj" Type="8bc9ceb8-8b4a-11d0-8d11-00a0c91bc942" Id="b5f21e7d-e78f-335f-8237-db19ce71e2c1"/>
	<Project Path="client.vcxproj" Type="8bc9ceb8-8b4a-11d0-8d11-00a0c91bc942" Id="864eb791-9074-3ff6-bf1e-bc550de9cade">
		<BuildDependency Project="ZERO_CHECK.vcxproj"/>
		<BuildDependency Project="klib.vcxproj"/>
	</Project>
	<Project Path="klib.vcxproj" Type="8bc9ceb8-8b4a-11d0-8d11-00a0c91bc942" Id="b92219fd-48a7-30dd-bcff-b018e9346128">
		<BuildDependency Project="ZERO_CHECK.vcxproj"/>
	</Project>
	<Project Path="ksocket.vcxproj" Type="8bc9ceb8-8b4a-11d0-8d11-00a0c91bc942" Id="e069b7ea-ac2f-363a-8c9b-2a45f26fcad0">
		<BuildDependency Project="ZERO_CHECK.vcxproj"/>
		<BuildDependency Project="klib.vcxproj"/>
	</Project>
	<Project Path="linklist.vcxproj" Type="8bc9ceb8-8b4a-11d0-8d11-00a0c91bc942" Id="7858dc64-7dc0-3e3c-ae22-f30ce2e6d635">
		<BuildDependency Project="ZERO_CHECK.vcxproj"/>
		<BuildDependency Project="klib.vcxproj"/>
	</Project>
	<Project Path="server.vcxproj" Type="8bc9ceb8-8b4a-11d0-8d11-00a0c91bc942" Id="22cf9ee1-5e13-3450-8303-5c6bbe6203ba">
		<BuildDependency Project="ZERO_CHECK.vcxproj"/>
		<BuildDependency Project="klib.vcxproj"/>
	</Project>
</Solution>
